{
  "pins" : [
    {
      "identity" : "javapi4swift",
      "kind" : "remoteSourceControl",
      "location" : "https://github.com/bastie/JavApi4Swift.git",
      "state" : {
        "revision" : "5f7c12e9e18f75bcffa67514eb27cb9e6f6bd3bc",
        "version" : "0.5.0"
      }
    }
  ],
  "version" : 2
}
